Microsoft Visual Studio Solution File, Format Version 12.00
# Visual Studio Version 17
VisualStudioVersion = 17.5.2.0
MinimumVisualStudioVersion = 10.0.40219.1
Project("{FAE04EC0-301F-11D3-BF4B-00C04F79EFBC}") = "PersonSearchProject", "PersonSearchProject.csproj", "{AFE7A50E-F82F-1CF9-26BE-F2C3F893BAB4}"
EndProject
Global
	GlobalSection(SolutionConfigurationPlatforms) = preSolution
		Debug|Any CPU = Debug|Any CPU
		Release|Any CPU = Release|Any CPU
	EndGlobalSection
	GlobalSection(ProjectConfigurationPlatforms) = postSolution
		{AFE7A50E-F82F-1CF9-26BE-F2C3F893BAB4}.Debug|Any CPU.ActiveCfg = Debug|Any CPU
		{AFE7A50E-F82F-1CF9-26BE-F2C3F893BAB4}.Debug|Any CPU.Build.0 = Debug|Any CPU
		{AFE7A50E-F82F-1CF9-26BE-F2C3F893BAB4}.Release|Any CPU.ActiveCfg = Release|Any CPU
		{AFE7A50E-F82F-1CF9-26BE-F2C3F893BAB4}.Release|Any CPU.Build.0 = Release|Any CPU
	EndGlobalSection
	GlobalSection(SolutionProperties) = preSolution
		HideSolutionNode = FALSE
	EndGlobalSection
	GlobalSection(ExtensibilityGlobals) = postSolution
		SolutionGuid = {5A33C323-610B-41D9-8014-099A1B03EACF}
	EndGlobalSection
EndGlobal
